
Microsoft Visual Studio Solution File, Format Version 12.00
# Visual Studio Version 16
VisualStudioVersion = 16.0.29905.134
MinimumVisualStudioVersion = 10.0.40219.1
Project("{FAE04EC0-301F-11D3-BF4B-00C04F79EFBC}") = "PrismRole", "PrismRole\PrismRole.csproj", "{B64E71EB-CC5D-449A-A372-64EC3B73DE8E}"
EndProject
Project("{FAE04EC0-301F-11D3-BF4B-00C04F79EFBC}") = "ModuleA", "ModuleA\ModuleA.csproj", "{0E00C497-4293-427A-8B14-03BD91114069}"
EndProject
Project("{FAE04EC0-301F-11D3-BF4B-00C04F79EFBC}") = "ModuleU", "ModuleU\ModuleU.csproj", "{8595219D-D75E-4E72-9BC2-A83FCFA3171B}"
EndProject
Global
	GlobalSection(SolutionConfigurationPlatforms) = preSolution
		Debug|Any CPU = Debug|Any CPU
		Release|Any CPU = Release|Any CPU
	EndGlobalSection
	GlobalSection(ProjectConfigurationPlatforms) = postSolution
		{B64E71EB-CC5D-449A-A372-64EC3B73DE8E}.Debug|Any CPU.ActiveCfg = Debug|Any CPU
		{B64E71EB-CC5D-449A-A372-64EC3B73DE8E}.Debug|Any CPU.Build.0 = Debug|Any CPU
		{B64E71EB-CC5D-449A-A372-64EC3B73DE8E}.Release|Any CPU.ActiveCfg = Release|Any CPU
		{B64E71EB-CC5D-449A-A372-64EC3B73DE8E}.Release|Any CPU.Build.0 = Release|Any CPU
		{0E00C497-4293-427A-8B14-03BD91114069}.Debug|Any CPU.ActiveCfg = Debug|Any CPU
		{0E00C497-4293-427A-8B14-03BD91114069}.Debug|Any CPU.Build.0 = Debug|Any CPU
		{0E00C497-4293-427A-8B14-03BD91114069}.Release|Any CPU.ActiveCfg = Release|Any CPU
		{0E00C497-4293-427A-8B14-03BD91114069}.Release|Any CPU.Build.0 = Release|Any CPU
		{8595219D-D75E-4E72-9BC2-A83FCFA3171B}.Debug|Any CPU.ActiveCfg = Debug|Any CPU
		{8595219D-D75E-4E72-9BC2-A83FCFA3171B}.Debug|Any CPU.Build.0 = Debug|Any CPU
		{8595219D-D75E-4E72-9BC2-A83FCFA3171B}.Release|Any CPU.ActiveCfg = Release|Any CPU
		{8595219D-D75E-4E72-9BC2-A83FCFA3171B}.Release|Any CPU.Build.0 = Release|Any CPU
	EndGlobalSection
	GlobalSection(SolutionProperties) = preSolution
		HideSolutionNode = FALSE
	EndGlobalSection
	GlobalSection(ExtensibilityGlobals) = postSolution
		SolutionGuid = {B4670206-39E8-450C-803F-56C6D4E81D3E}
	EndGlobalSection
EndGlobal
